
Microsoft Visual Studio Solution File, Format Version 12.00
# Visual Studio 15
VisualStudioVersion = 15.0.27004.2009
MinimumVisualStudioVersion = 10.0.40219.1
Project("{FAE04EC0-301F-11D3-BF4B-00C04F79EFBC}") = "CleaningCompanyApp", "CleaningCompanyApp\CleaningCompanyApp.csproj", "{BA959C3E-CFA0-426D-A5D5-EFC6BB5BE2A1}"
EndProject
Global
	GlobalSection(SolutionConfigurationPlatforms) = preSolution
		Debug|Any CPU = Debug|Any CPU
		Release|Any CPU = Release|Any CPU
	EndGlobalSection
	GlobalSection(ProjectConfigurationPlatforms) = postSolution
		{BA959C3E-CFA0-426D-A5D5-EFC6BB5BE2A1}.Debug|Any CPU.ActiveCfg = Debug|Any CPU
		{BA959C3E-CFA0-426D-A5D5-EFC6BB5BE2A1}.Debug|Any CPU.Build.0 = Debug|Any CPU
		{BA959C3E-CFA0-426D-A5D5-EFC6BB5BE2A1}.Release|Any CPU.ActiveCfg = Release|Any CPU
		{BA959C3E-CFA0-426D-A5D5-EFC6BB5BE2A1}.Release|Any CPU.Build.0 = Release|Any CPU
	EndGlobalSection
	GlobalSection(SolutionProperties) = preSolution
		HideSolutionNode = FALSE
	EndGlobalSection
	GlobalSection(ExtensibilityGlobals) = postSolution
		SolutionGuid = {A35C7AF3-EF23-4582-A719-9A7DC6875EC9}
	EndGlobalSection
EndGlobal
